
Microsoft Visual Studio Solution File, Format Version 12.00
# Visual Studio Version 16
VisualStudioVersion = 16.0.30611.23
MinimumVisualStudioVersion = 10.0.40219.1
Project("{FAE04EC0-301F-11D3-BF4B-00C04F79EFBC}") = "Automotriz", "Automotriz\Automotriz.csproj", "{7DBAA0DE-51F5-436E-9513-6938B6C89637}"
EndProject
Global
	GlobalSection(SolutionConfigurationPlatforms) = preSolution
		Debug|Any CPU = Debug|Any CPU
		Release|Any CPU = Release|Any CPU
	EndGlobalSection
	GlobalSection(ProjectConfigurationPlatforms) = postSolution
		{7DBAA0DE-51F5-436E-9513-6938B6C89637}.Debug|Any CPU.ActiveCfg = Debug|Any CPU
		{7DBAA0DE-51F5-436E-9513-6938B6C89637}.Debug|Any CPU.Build.0 = Debug|Any CPU
		{7DBAA0DE-51F5-436E-9513-6938B6C89637}.Release|Any CPU.ActiveCfg = Release|Any CPU
		{7DBAA0DE-51F5-436E-9513-6938B6C89637}.Release|Any CPU.Build.0 = Release|Any CPU
	EndGlobalSection
	GlobalSection(SolutionProperties) = preSolution
		HideSolutionNode = FALSE
	EndGlobalSection
	GlobalSection(ExtensibilityGlobals) = postSolution
		SolutionGuid = {90C5B920-16C5-4DD0-8101-10B7E2592855}
	EndGlobalSection
EndGlobal
